
Microsoft Visual Studio Solution File, Format Version 12.00
# Visual Studio 14
VisualStudioVersion = 14.0.25420.1
MinimumVisualStudioVersion = 10.0.40219.1
Project("{8BC9CEB8-8B4A-11D0-8D11-00A0C91BC942}") = "EnumRunItems", "EnumRunItems\EnumRunItems.vcxproj", "{D34F27F4-9348-4BC8-BB4E-84C5045AC035}"
EndProject
Project("{8BC9CEB8-8B4A-11D0-8D11-00A0C91BC942}") = "ServiceManager", "ServiceManager\ServiceManager.vcxproj", "{57B972E5-8F39-4126-92E2-2B3D8E4FEB4C}"
EndProject
Project("{8BC9CEB8-8B4A-11D0-8D11-00A0C91BC942}") = "AboutProcess", "AboutProcess\AboutProcess.vcxproj", "{11FBFE55-2BA3-4E27-AE64-566E650AC059}"
EndProject
Project("{8BC9CEB8-8B4A-11D0-8D11-00A0C91BC942}") = "ProcessManager", "ProcessManager\ProcessManager.vcxproj", "{012AAD8B-38F1-4DC1-92C5-6B8C6B0DAE6A}"
EndProject
Project("{8BC9CEB8-8B4A-11D0-8D11-00A0C91BC942}") = "DLLInjectAndUnject", "DLLInjectAndUnject\DLLInjectAndUnject.vcxproj", "{4442BA8D-2078-4D08-9E9A-14CD2F1B635B}"
EndProject
Project("{8BC9CEB8-8B4A-11D0-8D11-00A0C91BC942}") = "FirstDll", "FirstDll\FirstDll.vcxproj", "{B393392D-C641-40E4-869B-E7CEF14731EE}"
EndProject
Project("{8BC9CEB8-8B4A-11D0-8D11-00A0C91BC942}") = "CallDll", "CallDll\CallDll.vcxproj", "{D77A27F2-8E3C-4F9E-A4C2-532E9B56FD8C}"
EndProject
Project("{8BC9CEB8-8B4A-11D0-8D11-00A0C91BC942}") = "PEParse", "PEParse\PEParse.vcxproj", "{4E993F85-36ED-44D6-B384-19DFBC3F34AB}"
EndProject
Project("{8BC9CEB8-8B4A-11D0-8D11-00A0C91BC942}") = "EasyCrackMe", "EasyCrackMe\EasyCrackMe.vcxproj", "{9B918CED-C423-4CC7-ADD0-4A7CA77D7A12}"
EndProject
Global
	GlobalSection(SolutionConfigurationPlatforms) = preSolution
		Debug|x64 = Debug|x64
		Debug|x86 = Debug|x86
		Release|x64 = Release|x64
		Release|x86 = Release|x86
	EndGlobalSection
	GlobalSection(ProjectConfigurationPlatforms) = postSolution
		{D34F27F4-9348-4BC8-BB4E-84C5045AC035}.Debug|x64.ActiveCfg = Debug|x64
		{D34F27F4-9348-4BC8-BB4E-84C5045AC035}.Debug|x64.Build.0 = Debug|x64
		{D34F27F4-9348-4BC8-BB4E-84C5045AC035}.Debug|x86.ActiveCfg = Debug|Win32
		{D34F27F4-9348-4BC8-BB4E-84C5045AC035}.Debug|x86.Build.0 = Debug|Win32
		{D34F27F4-9348-4BC8-BB4E-84C5045AC035}.Release|x64.ActiveCfg = Release|x64
		{D34F27F4-9348-4BC8-BB4E-84C5045AC035}.Release|x64.Build.0 = Release|x64
		{D34F27F4-9348-4BC8-BB4E-84C5045AC035}.Release|x86.ActiveCfg = Release|Win32
		{D34F27F4-9348-4BC8-BB4E-84C5045AC035}.Release|x86.Build.0 = Release|Win32
		{57B972E5-8F39-4126-92E2-2B3D8E4FEB4C}.Debug|x64.ActiveCfg = Debug|x64
		{57B972E5-8F39-4126-92E2-2B3D8E4FEB4C}.Debug|x64.Build.0 = Debug|x64
		{57B972E5-8F39-4126-92E2-2B3D8E4FEB4C}.Debug|x86.ActiveCfg = Debug|Win32
		{57B972E5-8F39-4126-92E2-2B3D8E4FEB4C}.Debug|x86.Build.0 = Debug|Win32
		{57B972E5-8F39-4126-92E2-2B3D8E4FEB4C}.Release|x64.ActiveCfg = Release|x64
		{57B972E5-8F39-4126-92E2-2B3D8E4FEB4C}.Release|x64.Build.0 = Release|x64
		{57B972E5-8F39-4126-92E2-2B3D8E4FEB4C}.Release|x86.ActiveCfg = Release|Win32
		{57B972E5-8F39-4126-92E2-2B3D8E4FEB4C}.Release|x86.Build.0 = Release|Win32
		{11FBFE55-2BA3-4E27-AE64-566E650AC059}.Debug|x64.ActiveCfg = Debug|x64
		{11FBFE55-2BA3-4E27-AE64-566E650AC059}.Debug|x64.Build.0 = Debug|x64
		{11FBFE55-2BA3-4E27-AE64-566E650AC059}.Debug|x86.ActiveCfg = Debug|Win32
		{11FBFE55-2BA3-4E27-AE64-566E650AC059}.Debug|x86.Build.0 = Debug|Win32
		{11FBFE55-2BA3-4E27-AE64-566E650AC059}.Release|x64.ActiveCfg = Release|x64
		{11FBFE55-2BA3-4E27-AE64-566E650AC059}.Release|x64.Build.0 = Release|x64
		{11FBFE55-2BA3-4E27-AE64-566E650AC059}.Release|x86.ActiveCfg = Release|Win32
		{11FBFE55-2BA3-4E27-AE64-566E650AC059}.Release|x86.Build.0 = Release|Win32
		{012AAD8B-38F1-4DC1-92C5-6B8C6B0DAE6A}.Debug|x64.ActiveCfg = Debug|x64
		{012AAD8B-38F1-4DC1-92C5-6B8C6B0DAE6A}.Debug|x64.Build.0 = Debug|x64
		{012AAD8B-38F1-4DC1-92C5-6B8C6B0DAE6A}.Debug|x86.ActiveCfg = Debug|Win32
		{012AAD8B-38F1-4DC1-92C5-6B8C6B0DAE6A}.Debug|x86.Build.0 = Debug|Win32
		{012AAD8B-38F1-4DC1-92C5-6B8C6B0DAE6A}.Release|x64.ActiveCfg = Release|x64
		{012AAD8B-38F1-4DC1-92C5-6B8C6B0DAE6A}.Release|x64.Build.0 = Release|x64
		{012AAD8B-38F1-4DC1-92C5-6B8C6B0DAE6A}.Release|x86.ActiveCfg = Release|Win32
		{012AAD8B-38F1-4DC1-92C5-6B8C6B0DAE6A}.Release|x86.Build.0 = Release|Win32
		{4442BA8D-2078-4D08-9E9A-14CD2F1B635B}.Debug|x64.ActiveCfg = Debug|x64
		{4442BA8D-2078-4D08-9E9A-14CD2F1B635B}.Debug|x64.Build.0 = Debug|x64
		{4442BA8D-2078-4D08-9E9A-14CD2F1B635B}.Debug|x86.ActiveCfg = Debug|Win32
		{4442BA8D-2078-4D08-9E9A-14CD2F1B635B}.Debug|x86.Build.0 = Debug|Win32
		{4442BA8D-2078-4D08-9E9A-14CD2F1B635B}.Release|x64.ActiveCfg = Release|x64
		{4442BA8D-2078-4D08-9E9A-14CD2F1B635B}.Release|x64.Build.0 = Release|x64
		{4442BA8D-2078-4D08-9E9A-14CD2F1B635B}.Release|x86.ActiveCfg = Release|Win32
		{4442BA8D-2078-4D08-9E9A-14CD2F1B635B}.Release|x86.Build.0 = Release|Win32
		{B393392D-C641-40E4-869B-E7CEF14731EE}.Debug|x64.ActiveCfg = Debug|x64
		{B393392D-C641-40E4-869B-E7CEF14731EE}.Debug|x64.Build.0 = Debug|x64
		{B393392D-C641-40E4-869B-E7CEF14731EE}.Debug|x86.ActiveCfg = Debug|Win32
		{B393392D-C641-40E4-869B-E7CEF14731EE}.Debug|x86.Build.0 = Debug|Win32
		{B393392D-C641-40E4-869B-E7CEF14731EE}.Release|x64.ActiveCfg = Release|x64
		{B393392D-C641-40E4-869B-E7CEF14731EE}.Release|x64.Build.0 = Release|x64
		{B393392D-C641-40E4-869B-E7CEF14731EE}.Release|x86.ActiveCfg = Release|Win32
		{B393392D-C641-40E4-869B-E7CEF14731EE}.Release|x86.Build.0 = Release|Win32
		{D77A27F2-8E3C-4F9E-A4C2-532E9B56FD8C}.Debug|x64.ActiveCfg = Debug|x64
		{D77A27F2-8E3C-4F9E-A4C2-532E9B56FD8C}.Debug|x64.Build.0 = Debug|x64
		{D77A27F2-8E3C-4F9E-A4C2-532E9B56FD8C}.Debug|x86.ActiveCfg = Debug|Win32
		{D77A27F2-8E3C-4F9E-A4C2-532E9B56FD8C}.Debug|x86.Build.0 = Debug|Win32
		{D77A27F2-8E3C-4F9E-A4C2-532E9B56FD8C}.Release|x64.ActiveCfg = Release|x64
		{D77A27F2-8E3C-4F9E-A4C2-532E9B56FD8C}.Release|x64.Build.0 = Release|x64
		{D77A27F2-8E3C-4F9E-A4C2-532E9B56FD8C}.Release|x86.ActiveCfg = Release|Win32
		{D77A27F2-8E3C-4F9E-A4C2-532E9B56FD8C}.Release|x86.Build.0 = Release|Win32
		{4E993F85-36ED-44D6-B384-19DFBC3F34AB}.Debug|x64.ActiveCfg = Debug|x64
		{4E993F85-36ED-44D6-B384-19DFBC3F34AB}.Debug|x64.Build.0 = Debug|x64
		{4E993F85-36ED-44D6-B384-19DFBC3F34AB}.Debug|x86.ActiveCfg = Debug|Win32
		{4E993F85-36ED-44D6-B384-19DFBC3F34AB}.Debug|x86.Build.0 = Debug|Win32
		{4E993F85-36ED-44D6-B384-19DFBC3F34AB}.Release|x64.ActiveCfg = Release|x64
		{4E993F85-36ED-44D6-B384-19DFBC3F34AB}.Release|x64.Build.0 = Release|x64
		{4E993F85-36ED-44D6-B384-19DFBC3F34AB}.Release|x86.ActiveCfg = Release|Win32
		{4E993F85-36ED-44D6-B384-19DFBC3F34AB}.Release|x86.Build.0 = Release|Win32
		{9B918CED-C423-4CC7-ADD0-4A7CA77D7A12}.Debug|x64.ActiveCfg = Debug|x64
		{9B918CED-C423-4CC7-ADD0-4A7CA77D7A12}.Debug|x64.Build.0 = Debug|x64
		{9B918CED-C423-4CC7-ADD0-4A7CA77D7A12}.Debug|x86.ActiveCfg = Debug|Win32
		{9B918CED-C423-4CC7-ADD0-4A7CA77D7A12}.Debug|x86.Build.0 = Debug|Win32
		{9B918CED-C423-4CC7-ADD0-4A7CA77D7A12}.Release|x64.ActiveCfg = Release|x64
		{9B918CED-C423-4CC7-ADD0-4A7CA77D7A12}.Release|x64.Build.0 = Release|x64
		{9B918CED-C423-4CC7-ADD0-4A7CA77D7A12}.Release|x86.ActiveCfg = Release|Win32
		{9B918CED-C423-4CC7-ADD0-4A7CA77D7A12}.Release|x86.Build.0 = Release|Win32
	EndGlobalSection
	GlobalSection(SolutionProperties) = preSolution
		HideSolutionNode = FALSE
	EndGlobalSection
EndGlobal
